// !$*UTF8*$!
{
	archiveVersion = 1;
	classes = {
	};
	objectVersion = 46;
	objects = {

/* Begin PBXBuildFile section */
		2844A3A61CC4E8E2003D703A /* JavaScriptCore.framework in Frameworks */ = {isa = PBXBuildFile; fileRef = 2844A3A51CC4E8E2003D703A /* JavaScriptCore.framework */; };
		2844A3AB1CC62115003D703A /* test.js in Resources */ = {isa = PBXBuildFile; fileRef = 2844A3AA1CC62115003D703A /* test.js */; };
		2844A3B11CC6317A003D703A /* Person.m in Sources */ = {isa = PBXBuildFile; fileRef = 2844A3B01CC6317A003D703A /* Person.m */; };
		28FA28B01CC4DA23006EBD69 /* main.m in Sources */ = {isa = PBXBuildFile; fileRef = 28FA28AF1CC4DA23006EBD69 /* main.m */; };
		28FA28B31CC4DA23006EBD69 /* AppDelegate.m in Sources */ = {isa = PBXBuildFile; fileRef = 28FA28B21CC4DA23006EBD69 /* AppDelegate.m */; };
		28FA28B61CC4DA23006EBD69 /* ViewController.m in Sources */ = {isa = PBXBuildFile; fileRef = 28FA28B51CC4DA23006EBD69 /* ViewController.m */; };
		28FA28B91CC4DA23006EBD69 /* Main.storyboard in Resources */ = {isa = PBXBuildFile; fileRef = 28FA28B71CC4DA23006EBD69 /* Main.storyboard */; };
		28FA28BB1CC4DA23006EBD69 /* Assets.xcassets in Resources */ = {isa = PBXBuildFile; fileRef = 28FA28BA1CC4DA23006EBD69 /* Assets.xcassets */; };
		28FA28BE1CC4DA23006EBD69 /* LaunchScreen.storyboard in Resources */ = {isa = PBXBuildFile; fileRef = 28FA28BC1CC4DA23006EBD69 /* LaunchScreen.storyboard */; };
		28FA28C91CC4DA24006EBD69 /* JavaScriptDemoTests.m in Sources */ = {isa = PBXBuildFile; fileRef = 28FA28C81CC4DA24006EBD69 /* JavaScriptDemoTests.m */; };
		28FA28D41CC4DA24006EBD69 /* JavaScriptDemoUITests.m in Sources */ = {isa = PBXBuildFile; fileRef = 28FA28D31CC4DA24006EBD69 /* JavaScriptDemoUITests.m */; };
/* End PBXBuildFile section */

/* Begin PBXContainerItemProxy section */
		28FA28C51CC4DA24006EBD69 /* PBXContainerItemProxy */ = {
			isa = PBXContainerItemProxy;
			containerPortal = 28FA28A31CC4DA23006EBD69 /* Project object */;
			proxyType = 1;
			remoteGlobalIDString = 28FA28AA1CC4DA23006EBD69;
			remoteInfo = JavaScriptDemo;
		};
		28FA28D01CC4DA24006EBD69 /* PBXContainerItemProxy */ = {
			isa = PBXContainerItemProxy;
			containerPortal = 28FA28A31CC4DA23006EBD69 /* Project object */;
			proxyType = 1;
			remoteGlobalIDString = 28FA28AA1CC4DA23006EBD69;
			remoteInfo = JavaScriptDemo;
		};
/* End PBXContainerItemProxy section */

/* Begin PBXFileReference section */
		2844A3A51CC4E8E2003D703A /* JavaScriptCore.framework */ = {isa = PBXFileReference; lastKnownFileType = wrapper.framework; name = JavaScriptCore.framework; path = System/Library/Frameworks/JavaScriptCore.framework; sourceTree = SDKROOT; };
		2844A3AA1CC62115003D703A /* test.js */ = {isa = PBXFileReference; fileEncoding = 4; lastKnownFileType = sourcecode.javascript; path = test.js; sourceTree = "<group>"; };
		2844A3AF1CC6317A003D703A /* Person.h */ = {isa = PBXFileReference; fileEncoding = 4; lastKnownFileType = sourcecode.c.h; path = Person.h; sourceTree = "<group>"; };
		2844A3B01CC6317A003D703A /* Person.m */ = {isa = PBXFileReference; fileEncoding = 4; lastKnownFileType = sourcecode.c.objc; path = Person.m; sourceTree = "<group>"; };
		28FA28AB1CC4DA23006EBD69 /* JavaScriptDemo.app */ = {isa = PBXFileReference; explicitFileType = wrapper.application; includeInIndex = 0; path = JavaScriptDemo.app; sourceTree = BUILT_PRODUCTS_DIR; };
		28FA28AF1CC4DA23006EBD69 /* main.m */ = {isa = PBXFileReference; lastKnownFileType = sourcecode.c.objc; path = main.m; sourceTree = "<group>"; };
		28FA28B11CC4DA23006EBD69 /* AppDelegate.h */ = {isa = PBXFileReference; lastKnownFileType = sourcecode.c.h; path = AppDelegate.h; sourceTree = "<group>"; };
		28FA28B21CC4DA23006EBD69 /* AppDelegate.m */ = {isa = PBXFileReference; lastKnownFileType = sourcecode.c.objc; path = AppDelegate.m; sourceTree = "<group>"; };
		28FA28B41CC4DA23006EBD69 /* ViewController.h */ = {isa = PBXFileReference; lastKnownFileType = sourcecode.c.h; path = ViewController.h; sourceTree = "<group>"; };
		28FA28B51CC4DA23006EBD69 /* ViewController.m */ = {isa = PBXFileReference; lastKnownFileType = sourcecode.c.objc; path = ViewController.m; sourceTree = "<group>"; };
		28FA28B81CC4DA23006EBD69 /* Base */ = {isa = PBXFileReference; lastKnownFileType = file.storyboard; name = Base; path = Base.lproj/Main.storyboard; sourceTree = "<group>"; };
		28FA28BA1CC4DA23006EBD69 /* Assets.xcassets */ = {isa = PBXFileReference; lastKnownFileType = folder.assetcatalog; path = Assets.xcassets; sourceTree = "<group>"; };
		28FA28BD1CC4DA23006EBD69 /* Base */ = {isa = PBXFileReference; lastKnownFileType = file.storyboard; name = Base; path = Base.lproj/LaunchScreen.storyboard; sourceTree = "<group>"; };
		28FA28BF1CC4DA23006EBD69 /* Info.plist */ = {isa = PBXFileReference; lastKnownFileType = text.plist.xml; path = Info.plist; sourceTree = "<group>"; };
		28FA28C41CC4DA24006EBD69 /* JavaScriptDemoTests.xctest */ = {isa = PBXFileReference; explicitFileType = wrapper.cfbundle; includeInIndex = 0; path = JavaScriptDemoTests.xctest; sourceTree = BUILT_PRODUCTS_DIR; };
		28FA28C81CC4DA24006EBD69 /* JavaScriptDemoTests.m */ = {isa = PBXFileReference; lastKnownFileType = sourcecode.c.objc; path = JavaScriptDemoTests.m; sourceTree = "<group>"; };
		28FA28CA1CC4DA24006EBD69 /* Info.plist */ = {isa = PBXFileReference; lastKnownFileType = text.plist.xml; path = Info.plist; sourceTree = "<group>"; };
		28FA28CF1CC4DA24006EBD69 /* JavaScriptDemoUITests.xctest */ = {isa = PBXFileReference; explicitFileType = wrapper.cfbundle; includeInIndex = 0; path = JavaScriptDemoUITests.xctest; sourceTree = BUILT_PRODUCTS_DIR; };
		28FA28D31CC4DA24006EBD69 /* JavaScriptDemoUITests.m */ = {isa = PBXFileReference; lastKnownFileType = sourcecode.c.objc; path = JavaScriptDemoUITests.m; sourceTree = "<group>"; };
		28FA28D51CC4DA24006EBD69 /* Info.plist */ = {isa = PBXFileReference; lastKnownFileType = text.plist.xml; path = Info.plist; sourceTree = "<group>"; };
/* End PBXFileReference section */

/* Begin PBXFrameworksBuildPhase section */
		28FA28A81CC4DA23006EBD69 /* Frameworks */ = {
			isa = PBXFrameworksBuildPhase;
			buildActionMask = 2147483647;
			files = (
				2844A3A61CC4E8E2003D703A /* JavaScriptCore.framework in Frameworks */,
			);
			runOnlyForDeploymentPostprocessing = 0;
		};
		28FA28C11CC4DA24006EBD69 /* Frameworks */ = {
			isa = PBXFrameworksBuildPhase;
			buildActionMask = 2147483647;
			files = (
			);
			runOnlyForDeploymentPostprocessing = 0;
		};
		28FA28CC1CC4DA24006EBD69 /* Frameworks */ = {
			isa = PBXFrameworksBuildPhase;
			buildActionMask = 2147483647;
			files = (
			);
			runOnlyForDeploymentPostprocessing = 0;
		};
/* End PBXFrameworksBuildPhase section */

/* Begin PBXGroup section */
		28FA28A21CC4DA23006EBD69 = {
			isa = PBXGroup;
			children = (
				2844A3A51CC4E8E2003D703A /* JavaScriptCore.framework */,
				28FA28AD1CC4DA23006EBD69 /* JavaScriptDemo */,
				28FA28C71CC4DA24006EBD69 /* JavaScriptDemoTests */,
				28FA28D21CC4DA24006EBD69 /* JavaScriptDemoUITests */,
				28FA28AC1CC4DA23006EBD69 /* Products */,
			);
			sourceTree = "<group>";
		};
		28FA28AC1CC4DA23006EBD69 /* Products */ = {
			isa = PBXGroup;
			children = (
				28FA28AB1CC4DA23006EBD69 /* JavaScriptDemo.app */,
				28FA28C41CC4DA24006EBD69 /* JavaScriptDemoTests.xctest */,
				28FA28CF1CC4DA24006EBD69 /* JavaScriptDemoUITests.xctest */,
			);
			name = Products;
			sourceTree = "<group>";
		};
		28FA28AD1CC4DA23006EBD69 /* JavaScriptDemo */ = {
			isa = PBXGroup;
			children = (
				28FA28B11CC4DA23006EBD69 /* AppDelegate.h */,
				28FA28B21CC4DA23006EBD69 /* AppDelegate.m */,
				28FA28B41CC4DA23006EBD69 /* ViewController.h */,
				28FA28B51CC4DA23006EBD69 /* ViewController.m */,
				2844A3AF1CC6317A003D703A /* Person.h */,
				2844A3B01CC6317A003D703A /* Person.m */,
				2844A3AA1CC62115003D703A /* test.js */,
				28FA28B71CC4DA23006EBD69 /* Main.storyboard */,
				28FA28BA1CC4DA23006EBD69 /* Assets.xcassets */,
				28FA28BC1CC4DA23006EBD69 /* LaunchScreen.storyboard */,
				28FA28BF1CC4DA23006EBD69 /* Info.plist */,
				28FA28AE1CC4DA23006EBD69 /* Supporting Files */,
			);
			path = JavaScriptDemo;
			sourceTree = "<group>";
		};
		28FA28AE1CC4DA23006EBD69 /* Supporting Files */ = {
			isa = PBXGroup;
			children = (
				28FA28AF1CC4DA23006EBD69 /* main.m */,
			);
			name = "Supporting Files";
			sourceTree = "<group>";
		};
		28FA28C71CC4DA24006EBD69 /* JavaScriptDemoTests */ = {
			isa = PBXGroup;
			children = (
				28FA28C81CC4DA24006EBD69 /* JavaScriptDemoTests.m */,
				28FA28CA1CC4DA24006EBD69 /* Info.plist */,
			);
			path = JavaScriptDemoTests;
			sourceTree = "<group>";
		};
		28FA28D21CC4DA24006EBD69 /* JavaScriptDemoUITests */ = {
			isa = PBXGroup;
			children = (
				28FA28D31CC4DA24006EBD69 /* JavaScriptDemoUITests.m */,
				28FA28D51CC4DA24006EBD69 /* Info.plist */,
			);
			path = JavaScriptDemoUITests;
			sourceTree = "<group>";
		};
/* End PBXGroup section */

/* Begin PBXNativeTarget section */
		28FA28AA1CC4DA23006EBD69 /* JavaScriptDemo */ = {
			isa = PBXNativeTarget;
			buildConfigurationList = 28FA28D81CC4DA24006EBD69 /* Build configuration list for PBXNativeTarget "JavaScriptDemo" */;
			buildPhases = (
				28FA28A71CC4DA23006EBD69 /* Sources */,
				28FA28A81CC4DA23006EBD69 /* Frameworks */,
				28FA28A91CC4DA23006EBD69 /* Resources */,
			);
			buildRules = (
			);
			dependencies = (
			);
			name = JavaScriptDemo;
			productName = JavaScriptDemo;
			productReference = 28FA28AB1CC4DA23006EBD69 /* JavaScriptDemo.app */;
			productType = "com.apple.product-type.application";
		};
		28FA28C31CC4DA24006EBD69 /* JavaScriptDemoTests */ = {
			isa = PBXNativeTarget;
			buildConfigurationList = 28FA28DB1CC4DA24006EBD69 /* Build configuration list for PBXNativeTarget "JavaScriptDemoTests" */;
			buildPhases = (
				28FA28C01CC4DA24006EBD69 /* Sources */,
				28FA28C11CC4DA24006EBD69 /* Frameworks */,
				28FA28C21CC4DA24006EBD69 /* Resources */,
			);
			buildRules = (
			);
			dependencies = (
				28FA28C61CC4DA24006EBD69 /* PBXTargetDependency */,
			);
			name = JavaScriptDemoTests;
			productName = JavaScriptDemoTests;
			productReference = 28FA28C41CC4DA24006EBD69 /* JavaScriptDemoTests.xctest */;
			productType = "com.apple.product-type.bundle.unit-test";
		};
		28FA28CE1CC4DA24006EBD69 /* JavaScriptDemoUITests */ = {
			isa = PBXNativeTarget;
			buildConfigurationList = 28FA28DE1CC4DA24006EBD69 /* Build configuration list for PBXNativeTarget "JavaScriptDemoUITests" */;
			buildPhases = (
				28FA28CB1CC4DA24006EBD69 /* Sources */,
				28FA28CC1CC4DA24006EBD69 /* Frameworks */,
				28FA28CD1CC4DA24006EBD69 /* Resources */,
			);
			buildRules = (
			);
			dependencies = (
				28FA28D11CC4DA24006EBD69 /* PBXTargetDependency */,
			);
			name = JavaScriptDemoUITests;
			productName = JavaScriptDemoUITests;
			productReference = 28FA28CF1CC4DA24006EBD69 /* JavaScriptDemoUITests.xctest */;
			productType = "com.apple.product-type.bundle.ui-testing";
		};
/* End PBXNativeTarget section */

/* Begin PBXProject section */
		28FA28A31CC4DA23006EBD69 /* Project object */ = {
			isa = PBXProject;
			attributes = {
				LastUpgradeCheck = 0730;
				ORGANIZATIONNAME = hwangzhenda;
				TargetAttributes = {
					28FA28AA1CC4DA23006EBD69 = {
						CreatedOnToolsVersion = 7.3;
					};
					28FA28C31CC4DA24006EBD69 = {
						CreatedOnToolsVersion = 7.3;
						TestTargetID = 28FA28AA1CC4DA23006EBD69;
					};
					28FA28CE1CC4DA24006EBD69 = {
						CreatedOnToolsVersion = 7.3;
						TestTargetID = 28FA28AA1CC4DA23006EBD69;
					};
				};
			};
			buildConfigurationList = 28FA28A61CC4DA23006EBD69 /* Build configuration list for PBXProject "JavaScriptDemo" */;
			compatibilityVersion = "Xcode 3.2";
			developmentRegion = English;
			hasScannedForEncodings = 0;
			knownRegions = (
				en,
				Base,
			);
			mainGroup = 28FA28A21CC4DA23006EBD69;
			productRefGroup = 28FA28AC1CC4DA23006EBD69 /* Products */;
			projectDirPath = "";
			projectRoot = "";
			targets = (
				28FA28AA1CC4DA23006EBD69 /* JavaScriptDemo */,
				28FA28C31CC4DA24006EBD69 /* JavaScriptDemoTests */,
				28FA28CE1CC4DA24006EBD69 /* JavaScriptDemoUITests */,
			);
		};
/* End PBXProject section */

/* Begin PBXResourcesBuildPhase section */
		28FA28A91CC4DA23006EBD69 /* Resources */ = {
			isa = PBXResourcesBuildPhase;
			buildActionMask = 2147483647;
			files = (
				28FA28BE1CC4DA23006EBD69 /* LaunchScreen.storyboard in Resources */,
				28FA28BB1CC4DA23006EBD69 /* Assets.xcassets in Resources */,
				2844A3AB1CC62115003D703A /* test.js in Resources */,
				28FA28B91CC4DA23006EBD69 /* Main.storyboard in Resources */,
			);
			runOnlyForDeploymentPostprocessing = 0;
		};
		28FA28C21CC4DA24006EBD69 /* Resources */ = {
			isa = PBXResourcesBuildPhase;
			buildActionMask = 2147483647;
			files = (
			);
			runOnlyForDeploymentPostprocessing = 0;
		};
		28FA28CD1CC4DA24006EBD69 /* Resources */ = {
			isa = PBXResourcesBuildPhase;
			buildActionMask = 2147483647;
			files = (
			);
			runOnlyForDeploymentPostprocessing = 0;
		};
/* End PBXResourcesBuildPhase section */

/* Begin PBXSourcesBuildPhase section */
		28FA28A71CC4DA23006EBD69 /* Sources */ = {
			isa = PBXSourcesBuildPhase;
			buildActionMask = 2147483647;
			files = (
				28FA28B61CC4DA23006EBD69 /* ViewController.m in Sources */,
				28FA28B31CC4DA23006EBD69 /* AppDelegate.m in Sources */,
				2844A3B11CC6317A003D703A /* Person.m in Sources */,
				28FA28B01CC4DA23006EBD69 /* main.m in Sources */,
			);
			runOnlyForDeploymentPostprocessing = 0;
		};
		28FA28C01CC4DA24006EBD69 /* Sources */ = {
			isa = PBXSourcesBuildPhase;
			buildActionMask = 2147483647;
			files = (
				28FA28C91CC4DA24006EBD69 /* JavaScriptDemoTests.m in Sources */,
			);
			runOnlyForDeploymentPostprocessing = 0;
		};
		28FA28CB1CC4DA24006EBD69 /* Sources */ = {
			isa = PBXSourcesBuildPhase;
			buildActionMask = 2147483647;
			files = (
				28FA28D41CC4DA24006EBD69 /* JavaScriptDemoUITests.m in Sources */,
			);
			runOnlyForDeploymentPostprocessing = 0;
		};
/* End PBXSourcesBuildPhase section */

/* Begin PBXTargetDependency section */
		28FA28C61CC4DA24006EBD69 /* PBXTargetDependency */ = {
			isa = PBXTargetDependency;
			target = 28FA28AA1CC4DA23006EBD69 /* JavaScriptDemo */;
			targetProxy = 28FA28C51CC4DA24006EBD69 /* PBXContainerItemProxy */;
		};
		28FA28D11CC4DA24006EBD69 /* PBXTargetDependency */ = {
			isa = PBXTargetDependency;
			target = 28FA28AA1CC4DA23006EBD69 /* JavaScriptDemo */;
			targetProxy = 28FA28D01CC4DA24006EBD69 /* PBXContainerItemProxy */;
		};
/* End PBXTargetDependency section */

/* Begin PBXVariantGroup section */
		28FA28B71CC4DA23006EBD69 /* Main.storyboard */ = {
			isa = PBXVariantGroup;
			children = (
				28FA28B81CC4DA23006EBD69 /* Base */,
			);
			name = Main.storyboard;
			sourceTree = "<group>";
		};
		28FA28BC1CC4DA23006EBD69 /* LaunchScreen.storyboard */ = {
			isa = PBXVariantGroup;
			children = (
				28FA28BD1CC4DA23006EBD69 /* Base */,
			);
			name = LaunchScreen.storyboard;
			sourceTree = "<group>";
		};
/* End PBXVariantGroup section */

/* Begin XCBuildConfiguration section */
		28FA28D61CC4DA24006EBD69 /* Debug */ = {
			isa = XCBuildConfiguration;
			buildSettings = {
				ALWAYS_SEARCH_USER_PATHS = NO;
				CLANG_ANALYZER_NONNULL = YES;
				CLANG_CXX_LANGUAGE_STANDARD = "gnu++0x";
				CLANG_CXX_LIBRARY = "libc++";
				CLANG_ENABLE_MODULES = YES;
				CLANG_ENABLE_OBJC_ARC = YES;
				CLANG_WARN_BOOL_CONVERSION = YES;
				CLANG_WARN_CONSTANT_CONVERSION = YES;
				CLANG_WARN_DIRECT_OBJC_ISA_USAGE = YES_ERROR;
				CLANG_WARN_EMPTY_BODY = YES;
				CLANG_WARN_ENUM_CONVERSION = YES;
				CLANG_WARN_INT_CONVERSION = YES;
				CLANG_WARN_OBJC_ROOT_CLASS = YES_ERROR;
				CLANG_WARN_UNREACHABLE_CODE = YES;
				CLANG_WARN__DUPLICATE_METHOD_MATCH = YES;
				"CODE_SIGN_IDENTITY[sdk=iphoneos*]" = "iPhone Developer";
				COPY_PHASE_STRIP = NO;
				DEBUG_INFORMATION_FORMAT = dwarf;
				ENABLE_STRICT_OBJC_MSGSEND = YES;
				ENABLE_TESTABILITY = YES;
				GCC_C_LANGUAGE_STANDARD = gnu99;
				GCC_DYNAMIC_NO_PIC = NO;
				GCC_NO_COMMON_BLOCKS = YES;
				GCC_OPTIMIZATION_LEVEL = 0;
				GCC_PREPROCESSOR_DEFINITIONS = (
					"DEBUG=1",
					"$(inherited)",
				);
				GCC_WARN_64_TO_32_BIT_CONVERSION = YES;
				GCC_WARN_ABOUT_RETURN_TYPE = YES_ERROR;
				GCC_WARN_UNDECLARED_SELECTOR = YES;
				GCC_WARN_UNINITIALIZED_AUTOS = YES_AGGRESSIVE;
				GCC_WARN_UNUSED_FUNCTION = YES;
				GCC_WARN_UNUSED_VARIABLE = YES;
				IPHONEOS_DEPLOYMENT_TARGET = 9.3;
				MTL_ENABLE_DEBUG_INFO = YES;
				ONLY_ACTIVE_ARCH = YES;
				SDKROOT = iphoneos;
				TARGETED_DEVICE_FAMILY = "1,2";
			};
			name = Debug;
		};
		28FA28D71CC4DA24006EBD69 /* Release */ = {
			isa = XCBuildConfiguration;
			buildSettings = {
				ALWAYS_SEARCH_USER_PATHS = NO;
				CLANG_ANALYZER_NONNULL = YES;
				CLANG_CXX_LANGUAGE_STANDARD = "gnu++0x";
				CLANG_CXX_LIBRARY = "libc++";
				CLANG_ENABLE_MODULES = YES;
				CLANG_ENABLE_OBJC_ARC = YES;
				CLANG_WARN_BOOL_CONVERSION = YES;
				CLANG_WARN_CONSTANT_CONVERSION = YES;
				CLANG_WARN_DIRECT_OBJC_ISA_USAGE = YES_ERROR;
				CLANG_WARN_EMPTY_BODY = YES;
				CLANG_WARN_ENUM_CONVERSION = YES;
				CLANG_WARN_INT_CONVERSION = YES;
				CLANG_WARN_OBJC_ROOT_CLASS = YES_ERROR;
				CLANG_WARN_UNREACHABLE_CODE = YES;
				CLANG_WARN__DUPLICATE_METHOD_MATCH = YES;
				"CODE_SIGN_IDENTITY[sdk=iphoneos*]" = "iPhone Developer";
				COPY_PHASE_STRIP = NO;
				DEBUG_INFORMATION_FORMAT = "dwarf-with-dsym";
				ENABLE_NS_ASSERTIONS = NO;
				ENABLE_STRICT_OBJC_MSGSEND = YES;
				GCC_C_LANGUAGE_STANDARD = gnu99;
				GCC_NO_COMMON_BLOCKS = YES;
				GCC_WARN_64_TO_32_BIT_CONVERSION = YES;
				GCC_WARN_ABOUT_RETURN_TYPE = YES_ERROR;
				GCC_WARN_UNDECLARED_SELECTOR = YES;
				GCC_WARN_UNINITIALIZED_AUTOS = YES_AGGRESSIVE;
				GCC_WARN_UNUSED_FUNCTION = YES;
				GCC_WARN_UNUSED_VARIABLE = YES;
				IPHONEOS_DEPLOYMENT_TARGET = 9.3;
				MTL_ENABLE_DEBUG_INFO = NO;
				SDKROOT = iphoneos;
				TARGETED_DEVICE_FAMILY = "1,2";
				VALIDATE_PRODUCT = YES;
			};
			name = Release;
		};
		28FA28D91CC4DA24006EBD69 /* Debug */ = {
			isa = XCBuildConfiguration;
			buildSettings = {
				ASSETCATALOG_COMPILER_APPICON_NAME = AppIcon;
				INFOPLIST_FILE = JavaScriptDemo/Info.plist;
				LD_RUNPATH_SEARCH_PATHS = "$(inherited) @executable_path/Frameworks";
				PRODUCT_BUNDLE_IDENTIFIER = com.tandy.JavaScriptDemo;
				PRODUCT_NAME = "$(TARGET_NAME)";
			};
			name = Debug;
		};
		28FA28DA1CC4DA24006EBD69 /* Release */ = {
			isa = XCBuildConfiguration;
			buildSettings = {
				ASSETCATALOG_COMPILER_APPICON_NAME = AppIcon;
				INFOPLIST_FILE = JavaScriptDemo/Info.plist;
				LD_RUNPATH_SEARCH_PATHS = "$(inherited) @executable_path/Frameworks";
				PRODUCT_BUNDLE_IDENTIFIER = com.tandy.JavaScriptDemo;
				PRODUCT_NAME = "$(TARGET_NAME)";
			};
			name = Release;
		};
		28FA28DC1CC4DA24006EBD69 /* Debug */ = {
			isa = XCBuildConfiguration;
			buildSettings = {
				BUNDLE_LOADER = "$(TEST_HOST)";
				INFOPLIST_FILE = JavaScriptDemoTests/Info.plist;
				LD_RUNPATH_SEARCH_PATHS = "$(inherited) @executable_path/Frameworks @loader_path/Frameworks";
				PRODUCT_BUNDLE_IDENTIFIER = com.tandy.JavaScriptDemoTests;
				PRODUCT_NAME = "$(TARGET_NAME)";
				TEST_HOST = "$(BUILT_PRODUCTS_DIR)/JavaScriptDemo.app/JavaScriptDemo";
			};
			name = Debug;
		};
		28FA28DD1CC4DA24006EBD69 /* Release */ = {
			isa = XCBuildConfiguration;
			buildSettings = {
				BUNDLE_LOADER = "$(TEST_HOST)";
				INFOPLIST_FILE = JavaScriptDemoTests/Info.plist;
				LD_RUNPATH_SEARCH_PATHS = "$(inherited) @executable_path/Frameworks @loader_path/Frameworks";
				PRODUCT_BUNDLE_IDENTIFIER = com.tandy.JavaScriptDemoTests;
				PRODUCT_NAME = "$(TARGET_NAME)";
				TEST_HOST = "$(BUILT_PRODUCTS_DIR)/JavaScriptDemo.app/JavaScriptDemo";
			};
			name = Release;
		};
		28FA28DF1CC4DA24006EBD69 /* Debug */ = {
			isa = XCBuildConfiguration;
			buildSettings = {
				INFOPLIST_FILE = JavaScriptDemoUITests/Info.plist;
				LD_RUNPATH_SEARCH_PATHS = "$(inherited) @executable_path/Frameworks @loader_path/Frameworks";
				PRODUCT_BUNDLE_IDENTIFIER = com.tandy.JavaScriptDemoUITests;
				PRODUCT_NAME = "$(TARGET_NAME)";
				TEST_TARGET_NAME = JavaScriptDemo;
			};
			name = Debug;
		};
		28FA28E01CC4DA24006EBD69 /* Release */ = {
			isa = XCBuildConfiguration;
			buildSettings = {
				INFOPLIST_FILE = JavaScriptDemoUITests/Info.plist;
				LD_RUNPATH_SEARCH_PATHS = "$(inherited) @executable_path/Frameworks @loader_path/Frameworks";
				PRODUCT_BUNDLE_IDENTIFIER = com.tandy.JavaScriptDemoUITests;
				PRODUCT_NAME = "$(TARGET_NAME)";
				TEST_TARGET_NAME = JavaScriptDemo;
			};
			name = Release;
		};
/* End XCBuildConfiguration section */

/* Begin XCConfigurationList section */
		28FA28A61CC4DA23006EBD69 /* Build configuration list for PBXProject "JavaScriptDemo" */ = {
			isa = XCConfigurationList;
			buildConfigurations = (
				28FA28D61CC4DA24006EBD69 /* Debug */,
				28FA28D71CC4DA24006EBD69 /* Release */,
			);
			defaultConfigurationIsVisible = 0;
			defaultConfigurationName = Release;
		};
		28FA28D81CC4DA24006EBD69 /* Build configuration list for PBXNativeTarget "JavaScriptDemo" */ = {
			isa = XCConfigurationList;
			buildConfigurations = (
				28FA28D91CC4DA24006EBD69 /* Debug */,
				28FA28DA1CC4DA24006EBD69 /* Release */,
			);
			defaultConfigurationIsVisible = 0;
			defaultConfigurationName = Release;
		};
		28FA28DB1CC4DA24006EBD69 /* Build configuration list for PBXNativeTarget "JavaScriptDemoTests" */ = {
			isa = XCConfigurationList;
			buildConfigurations = (
				28FA28DC1CC4DA24006EBD69 /* Debug */,
				28FA28DD1CC4DA24006EBD69 /* Release */,
			);
			defaultConfigurationIsVisible = 0;
			defaultConfigurationName = Release;
		};
		28FA28DE1CC4DA24006EBD69 /* Build configuration list for PBXNativeTarget "JavaScriptDemoUITests" */ = {
			isa = XCConfigurationList;
			buildConfigurations = (
				28FA28DF1CC4DA24006EBD69 /* Debug */,
				28FA28E01CC4DA24006EBD69 /* Release */,
			);
			defaultConfigurationIsVisible = 0;
			defaultConfigurationName = Release;
		};
/* End XCConfigurationList section */
	};
	rootObject = 28FA28A31CC4DA23006EBD69 /* Project object */;
}
